// !$*UTF8*$!
{
	archiveVersion = 1;
	classes = {
	};
	objectVersion = 48;
	objects = {

/* Begin PBXBuildFile section */
		71296A62200D358400F8C087 /* AppDelegate.swift in Sources */ = {isa = PBXBuildFile; fileRef = 71296A61200D358400F8C087 /* AppDelegate.swift */; };
		71296A67200D358400F8C087 /* Main.storyboard in Resources */ = {isa = PBXBuildFile; fileRef = 71296A65200D358400F8C087 /* Main.storyboard */; };
		71296A69200D358400F8C087 /* Assets.xcassets in Resources */ = {isa = PBXBuildFile; fileRef = 71296A68200D358400F8C087 /* Assets.xcassets */; };
		71296A6C200D358400F8C087 /* LaunchScreen.storyboard in Resources */ = {isa = PBXBuildFile; fileRef = 71296A6A200D358400F8C087 /* LaunchScreen.storyboard */; };
		71296A82200D3A4100F8C087 /* OnboardingVC.swift in Sources */ = {isa = PBXBuildFile; fileRef = 71296A81200D3A4100F8C087 /* OnboardingVC.swift */; };
		71296A84200D3FBF00F8C087 /* InterfaceVC.swift in Sources */ = {isa = PBXBuildFile; fileRef = 71296A83200D3FBF00F8C087 /* InterfaceVC.swift */; };
		71296A86200D403A00F8C087 /* OnboardingPageVC.swift in Sources */ = {isa = PBXBuildFile; fileRef = 71296A85200D403A00F8C087 /* OnboardingPageVC.swift */; };
		71296A8B200D445B00F8C087 /* UserDefaults+Onboarding.swift in Sources */ = {isa = PBXBuildFile; fileRef = 71296A8A200D445B00F8C087 /* UserDefaults+Onboarding.swift */; };
		713662B7200E7EA100EFE23C /* Constants.swift in Sources */ = {isa = PBXBuildFile; fileRef = 713662B6200E7EA100EFE23C /* Constants.swift */; };
		E34B4B18262DE63B006CB0FF /* BoardToDeathUITests.swift in Sources */ = {isa = PBXBuildFile; fileRef = E34B4B17262DE63B006CB0FF /* BoardToDeathUITests.swift */; };
/* End PBXBuildFile section */

/* Begin PBXContainerItemProxy section */
		E34B4B1A262DE63C006CB0FF /* PBXContainerItemProxy */ = {
			isa = PBXContainerItemProxy;
			containerPortal = 71296A56200D358400F8C087 /* Project object */;
			proxyType = 1;
			remoteGlobalIDString = 71296A5D200D358400F8C087;
			remoteInfo = BoardToDeath;
		};
/* End PBXContainerItemProxy section */

/* Begin PBXFileReference section */
		71296A5E200D358400F8C087 /* BoardToDeath.app */ = {isa = PBXFileReference; explicitFileType = wrapper.application; includeInIndex = 0; path = BoardToDeath.app; sourceTree = BUILT_PRODUCTS_DIR; };
		71296A61200D358400F8C087 /* AppDelegate.swift */ = {isa = PBXFileReference; lastKnownFileType = sourcecode.swift; path = AppDelegate.swift; sourceTree = "<group>"; };
		71296A66200D358400F8C087 /* Base */ = {isa = PBXFileReference; lastKnownFileType = file.storyboard; name = Base; path = Base.lproj/Main.storyboard; sourceTree = "<group>"; };
		71296A68200D358400F8C087 /* Assets.xcassets */ = {isa = PBXFileReference; lastKnownFileType = folder.assetcatalog; path = Assets.xcassets; sourceTree = "<group>"; };
		71296A6B200D358400F8C087 /* Base */ = {isa = PBXFileReference; lastKnownFileType = file.storyboard; name = Base; path = Base.lproj/LaunchScreen.storyboard; sourceTree = "<group>"; };
		71296A6D200D358400F8C087 /* Info.plist */ = {isa = PBXFileReference; lastKnownFileType = text.plist.xml; path = Info.plist; sourceTree = "<group>"; };
		71296A81200D3A4100F8C087 /* OnboardingVC.swift */ = {isa = PBXFileReference; lastKnownFileType = sourcecode.swift; path = OnboardingVC.swift; sourceTree = "<group>"; };
		71296A83200D3FBF00F8C087 /* InterfaceVC.swift */ = {isa = PBXFileReference; lastKnownFileType = sourcecode.swift; path = InterfaceVC.swift; sourceTree = "<group>"; };
		71296A85200D403A00F8C087 /* OnboardingPageVC.swift */ = {isa = PBXFileReference; lastKnownFileType = sourcecode.swift; path = OnboardingPageVC.swift; sourceTree = "<group>"; };
		71296A8A200D445B00F8C087 /* UserDefaults+Onboarding.swift */ = {isa = PBXFileReference; lastKnownFileType = sourcecode.swift; path = "UserDefaults+Onboarding.swift"; sourceTree = "<group>"; };
		713662B6200E7EA100EFE23C /* Constants.swift */ = {isa = PBXFileReference; lastKnownFileType = sourcecode.swift; path = Constants.swift; sourceTree = "<group>"; };
		E34B4B15262DE63B006CB0FF /* BoardToDeathUITests.xctest */ = {isa = PBXFileReference; explicitFileType = wrapper.cfbundle; includeInIndex = 0; path = BoardToDeathUITests.xctest; sourceTree = BUILT_PRODUCTS_DIR; };
		E34B4B17262DE63B006CB0FF /* BoardToDeathUITests.swift */ = {isa = PBXFileReference; lastKnownFileType = sourcecode.swift; path = BoardToDeathUITests.swift; sourceTree = "<group>"; };
		E34B4B19262DE63C006CB0FF /* Info.plist */ = {isa = PBXFileReference; lastKnownFileType = text.plist.xml; path = Info.plist; sourceTree = "<group>"; };
/* End PBXFileReference section */

/* Begin PBXFrameworksBuildPhase section */
		71296A5B200D358400F8C087 /* Frameworks */ = {
			isa = PBXFrameworksBuildPhase;
			buildActionMask = 2147483647;
			files = (
			);
			runOnlyForDeploymentPostprocessing = 0;
		};
		E34B4B12262DE63B006CB0FF /* Frameworks */ = {
			isa = PBXFrameworksBuildPhase;
			buildActionMask = 2147483647;
			files = (
			);
			runOnlyForDeploymentPostprocessing = 0;
		};
/* End PBXFrameworksBuildPhase section */

/* Begin PBXGroup section */
		71296A55200D358400F8C087 = {
			isa = PBXGroup;
			children = (
				71296A60200D358400F8C087 /* BoardToDeath */,
				E34B4B16262DE63B006CB0FF /* BoardToDeathUITests */,
				71296A5F200D358400F8C087 /* Products */,
			);
			sourceTree = "<group>";
		};
		71296A5F200D358400F8C087 /* Products */ = {
			isa = PBXGroup;
			children = (
				71296A5E200D358400F8C087 /* BoardToDeath.app */,
				E34B4B15262DE63B006CB0FF /* BoardToDeathUITests.xctest */,
			);
			name = Products;
			sourceTree = "<group>";
		};
		71296A60200D358400F8C087 /* BoardToDeath */ = {
			isa = PBXGroup;
			children = (
				713662B5200E7E9800EFE23C /* Helpers */,
				71296A89200D444E00F8C087 /* Extensions */,
				71296A88200D406600F8C087 /* Controller */,
				71296A61200D358400F8C087 /* AppDelegate.swift */,
				71296A65200D358400F8C087 /* Main.storyboard */,
				71296A68200D358400F8C087 /* Assets.xcassets */,
				71296A6A200D358400F8C087 /* LaunchScreen.storyboard */,
				71296A6D200D358400F8C087 /* Info.plist */,
			);
			path = BoardToDeath;
			sourceTree = "<group>";
		};
		71296A88200D406600F8C087 /* Controller */ = {
			isa = PBXGroup;
			children = (
				71296A81200D3A4100F8C087 /* OnboardingVC.swift */,
				71296A83200D3FBF00F8C087 /* InterfaceVC.swift */,
				71296A85200D403A00F8C087 /* OnboardingPageVC.swift */,
			);
			path = Controller;
			sourceTree = "<group>";
		};
		71296A89200D444E00F8C087 /* Extensions */ = {
			isa = PBXGroup;
			children = (
				71296A8A200D445B00F8C087 /* UserDefaults+Onboarding.swift */,
			);
			path = Extensions;
			sourceTree = "<group>";
		};
		713662B5200E7E9800EFE23C /* Helpers */ = {
			isa = PBXGroup;
			children = (
				713662B6200E7EA100EFE23C /* Constants.swift */,
			);
			path = Helpers;
			sourceTree = "<group>";
		};
		E34B4B16262DE63B006CB0FF /* BoardToDeathUITests */ = {
			isa = PBXGroup;
			children = (
				E34B4B17262DE63B006CB0FF /* BoardToDeathUITests.swift */,
				E34B4B19262DE63C006CB0FF /* Info.plist */,
			);
			path = BoardToDeathUITests;
			sourceTree = "<group>";
		};
/* End PBXGroup section */

/* Begin PBXNativeTarget section */
		71296A5D200D358400F8C087 /* BoardToDeath */ = {
			isa = PBXNativeTarget;
			buildConfigurationList = 71296A7B200D358400F8C087 /* Build configuration list for PBXNativeTarget "BoardToDeath" */;
			buildPhases = (
				71296A5A200D358400F8C087 /* Sources */,
				71296A5B200D358400F8C087 /* Frameworks */,
				71296A5C200D358400F8C087 /* Resources */,
			);
			buildRules = (
			);
			dependencies = (
			);
			name = BoardToDeath;
			productName = BoardToDeath;
			productReference = 71296A5E200D358400F8C087 /* BoardToDeath.app */;
			productType = "com.apple.product-type.application";
		};
		E34B4B14262DE63B006CB0FF /* BoardToDeathUITests */ = {
			isa = PBXNativeTarget;
			buildConfigurationList = E34B4B1E262DE63C006CB0FF /* Build configuration list for PBXNativeTarget "BoardToDeathUITests" */;
			buildPhases = (
				E34B4B11262DE63B006CB0FF /* Sources */,
				E34B4B12262DE63B006CB0FF /* Frameworks */,
				E34B4B13262DE63B006CB0FF /* Resources */,
			);
			buildRules = (
			);
			dependencies = (
				E34B4B1B262DE63C006CB0FF /* PBXTargetDependency */,
			);
			name = BoardToDeathUITests;
			productName = BoardToDeathUITests;
			productReference = E34B4B15262DE63B006CB0FF /* BoardToDeathUITests.xctest */;
			productType = "com.apple.product-type.bundle.ui-testing";
		};
/* End PBXNativeTarget section */

/* Begin PBXProject section */
		71296A56200D358400F8C087 /* Project object */ = {
			isa = PBXProject;
			attributes = {
				LastSwiftUpdateCheck = 1240;
				LastUpgradeCheck = 0920;
				ORGANIZATIONNAME = "Caleb Stultz";
				TargetAttributes = {
					71296A5D200D358400F8C087 = {
						CreatedOnToolsVersion = 9.2;
						ProvisioningStyle = Automatic;
					};
					E34B4B14262DE63B006CB0FF = {
						CreatedOnToolsVersion = 12.4;
						ProvisioningStyle = Automatic;
						TestTargetID = 71296A5D200D358400F8C087;
					};
				};
			};
			buildConfigurationList = 71296A59200D358400F8C087 /* Build configuration list for PBXProject "BoardToDeath" */;
			compatibilityVersion = "Xcode 8.0";
			developmentRegion = en;
			hasScannedForEncodings = 0;
			knownRegions = (
				en,
				Base,
			);
			mainGroup = 71296A55200D358400F8C087;
			productRefGroup = 71296A5F200D358400F8C087 /* Products */;
			projectDirPath = "";
			projectRoot = "";
			targets = (
				71296A5D200D358400F8C087 /* BoardToDeath */,
				E34B4B14262DE63B006CB0FF /* BoardToDeathUITests */,
			);
		};
/* End PBXProject section */

/* Begin PBXResourcesBuildPhase section */
		71296A5C200D358400F8C087 /* Resources */ = {
			isa = PBXResourcesBuildPhase;
			buildActionMask = 2147483647;
			files = (
				71296A6C200D358400F8C087 /* LaunchScreen.storyboard in Resources */,
				71296A69200D358400F8C087 /* Assets.xcassets in Resources */,
				71296A67200D358400F8C087 /* Main.storyboard in Resources */,
			);
			runOnlyForDeploymentPostprocessing = 0;
		};
		E34B4B13262DE63B006CB0FF /* Resources */ = {
			isa = PBXResourcesBuildPhase;
			buildActionMask = 2147483647;
			files = (
			);
			runOnlyForDeploymentPostprocessing = 0;
		};
/* End PBXResourcesBuildPhase section */

/* Begin PBXSourcesBuildPhase section */
		71296A5A200D358400F8C087 /* Sources */ = {
			isa = PBXSourcesBuildPhase;
			buildActionMask = 2147483647;
			files = (
				71296A62200D358400F8C087 /* AppDelegate.swift in Sources */,
				71296A84200D3FBF00F8C087 /* InterfaceVC.swift in Sources */,
				71296A86200D403A00F8C087 /* OnboardingPageVC.swift in Sources */,
				71296A82200D3A4100F8C087 /* OnboardingVC.swift in Sources */,
				71296A8B200D445B00F8C087 /* UserDefaults+Onboarding.swift in Sources */,
				713662B7200E7EA100EFE23C /* Constants.swift in Sources */,
			);
			runOnlyForDeploymentPostprocessing = 0;
		};
		E34B4B11262DE63B006CB0FF /* Sources */ = {
			isa = PBXSourcesBuildPhase;
			buildActionMask = 2147483647;
			files = (
				E34B4B18262DE63B006CB0FF /* BoardToDeathUITests.swift in Sources */,
			);
			runOnlyForDeploymentPostprocessing = 0;
		};
/* End PBXSourcesBuildPhase section */

/* Begin PBXTargetDependency section */
		E34B4B1B262DE63C006CB0FF /* PBXTargetDependency */ = {
			isa = PBXTargetDependency;
			target = 71296A5D200D358400F8C087 /* BoardToDeath */;
			targetProxy = E34B4B1A262DE63C006CB0FF /* PBXContainerItemProxy */;
		};
/* End PBXTargetDependency section */

/* Begin PBXVariantGroup section */
		71296A65200D358400F8C087 /* Main.storyboard */ = {
			isa = PBXVariantGroup;
			children = (
				71296A66200D358400F8C087 /* Base */,
			);
			name = Main.storyboard;
			sourceTree = "<group>";
		};
		71296A6A200D358400F8C087 /* LaunchScreen.storyboard */ = {
			isa = PBXVariantGroup;
			children = (
				71296A6B200D358400F8C087 /* Base */,
			);
			name = LaunchScreen.storyboard;
			sourceTree = "<group>";
		};
/* End PBXVariantGroup section */

/* Begin XCBuildConfiguration section */
		71296A79200D358400F8C087 /* Debug */ = {
			isa = XCBuildConfiguration;
			buildSettings = {
				ALWAYS_SEARCH_USER_PATHS = NO;
				CLANG_ANALYZER_NONNULL = YES;
				CLANG_ANALYZER_NUMBER_OBJECT_CONVERSION = YES_AGGRESSIVE;
				CLANG_CXX_LANGUAGE_STANDARD = "gnu++14";
				CLANG_CXX_LIBRARY = "libc++";
				CLANG_ENABLE_MODULES = YES;
				CLANG_ENABLE_OBJC_ARC = YES;
				CLANG_WARN_BLOCK_CAPTURE_AUTORELEASING = YES;
				CLANG_WARN_BOOL_CONVERSION = YES;
				CLANG_WARN_COMMA = YES;
				CLANG_WARN_CONSTANT_CONVERSION = YES;
				CLANG_WARN_DIRECT_OBJC_ISA_USAGE = YES_ERROR;
				CLANG_WARN_DOCUMENTATION_COMMENTS = YES;
				CLANG_WARN_EMPTY_BODY = YES;
				CLANG_WARN_ENUM_CONVERSION = YES;
				CLANG_WARN_INFINITE_RECURSION = YES;
				CLANG_WARN_INT_CONVERSION = YES;
				CLANG_WARN_NON_LITERAL_NULL_CONVERSION = YES;
				CLANG_WARN_OBJC_LITERAL_CONVERSION = YES;
				CLANG_WARN_OBJC_ROOT_CLASS = YES_ERROR;
				CLANG_WARN_RANGE_LOOP_ANALYSIS = YES;
				CLANG_WARN_STRICT_PROTOTYPES = YES;
				CLANG_WARN_SUSPICIOUS_MOVE = YES;
				CLANG_WARN_UNGUARDED_AVAILABILITY = YES_AGGRESSIVE;
				CLANG_WARN_UNREACHABLE_CODE = YES;
				CLANG_WARN__DUPLICATE_METHOD_MATCH = YES;
				CODE_SIGN_IDENTITY = "iPhone Developer";
				COPY_PHASE_STRIP = NO;
				DEBUG_INFORMATION_FORMAT = dwarf;
				ENABLE_STRICT_OBJC_MSGSEND = YES;
				ENABLE_TESTABILITY = YES;
				GCC_C_LANGUAGE_STANDARD = gnu11;
				GCC_DYNAMIC_NO_PIC = NO;
				GCC_NO_COMMON_BLOCKS = YES;
				GCC_OPTIMIZATION_LEVEL = 0;
				GCC_PREPROCESSOR_DEFINITIONS = (
					"DEBUG=1",
					"$(inherited)",
				);
				GCC_WARN_64_TO_32_BIT_CONVERSION = YES;
				GCC_WARN_ABOUT_RETURN_TYPE = YES_ERROR;
				GCC_WARN_UNDECLARED_SELECTOR = YES;
				GCC_WARN_UNINITIALIZED_AUTOS = YES_AGGRESSIVE;
				GCC_WARN_UNUSED_FUNCTION = YES;
				GCC_WARN_UNUSED_VARIABLE = YES;
				IPHONEOS_DEPLOYMENT_TARGET = 11.2;
				MTL_ENABLE_DEBUG_INFO = YES;
				ONLY_ACTIVE_ARCH = YES;
				SDKROOT = iphoneos;
				SWIFT_ACTIVE_COMPILATION_CONDITIONS = DEBUG;
				SWIFT_OPTIMIZATION_LEVEL = "-Onone";
			};
			name = Debug;
		};
		71296A7A200D358400F8C087 /* Release */ = {
			isa = XCBuildConfiguration;
			buildSettings = {
				ALWAYS_SEARCH_USER_PATHS = NO;
				CLANG_ANALYZER_NONNULL = YES;
				CLANG_ANALYZER_NUMBER_OBJECT_CONVERSION = YES_AGGRESSIVE;
				CLANG_CXX_LANGUAGE_STANDARD = "gnu++14";
				CLANG_CXX_LIBRARY = "libc++";
				CLANG_ENABLE_MODULES = YES;
				CLANG_ENABLE_OBJC_ARC = YES;
				CLANG_WARN_BLOCK_CAPTURE_AUTORELEASING = YES;
				CLANG_WARN_BOOL_CONVERSION = YES;
				CLANG_WARN_COMMA = YES;
				CLANG_WARN_CONSTANT_CONVERSION = YES;
				CLANG_WARN_DIRECT_OBJC_ISA_USAGE = YES_ERROR;
				CLANG_WARN_DOCUMENTATION_COMMENTS = YES;
				CLANG_WARN_EMPTY_BODY = YES;
				CLANG_WARN_ENUM_CONVERSION = YES;
				CLANG_WARN_INFINITE_RECURSION = YES;
				CLANG_WARN_INT_CONVERSION = YES;
				CLANG_WARN_NON_LITERAL_NULL_CONVERSION = YES;
				CLANG_WARN_OBJC_LITERAL_CONVERSION = YES;
				CLANG_WARN_OBJC_ROOT_CLASS = YES_ERROR;
				CLANG_WARN_RANGE_LOOP_ANALYSIS = YES;
				CLANG_WARN_STRICT_PROTOTYPES = YES;
				CLANG_WARN_SUSPICIOUS_MOVE = YES;
				CLANG_WARN_UNGUARDED_AVAILABILITY = YES_AGGRESSIVE;
				CLANG_WARN_UNREACHABLE_CODE = YES;
				CLANG_WARN__DUPLICATE_METHOD_MATCH = YES;
				CODE_SIGN_IDENTITY = "iPhone Developer";
				COPY_PHASE_STRIP = NO;
				DEBUG_INFORMATION_FORMAT = "dwarf-with-dsym";
				ENABLE_NS_ASSERTIONS = NO;
				ENABLE_STRICT_OBJC_MSGSEND = YES;
				GCC_C_LANGUAGE_STANDARD = gnu11;
				GCC_NO_COMMON_BLOCKS = YES;
				GCC_WARN_64_TO_32_BIT_CONVERSION = YES;
				GCC_WARN_ABOUT_RETURN_TYPE = YES_ERROR;
				GCC_WARN_UNDECLARED_SELECTOR = YES;
				GCC_WARN_UNINITIALIZED_AUTOS = YES_AGGRESSIVE;
				GCC_WARN_UNUSED_FUNCTION = YES;
				GCC_WARN_UNUSED_VARIABLE = YES;
				IPHONEOS_DEPLOYMENT_TARGET = 11.2;
				MTL_ENABLE_DEBUG_INFO = NO;
				SDKROOT = iphoneos;
				SWIFT_OPTIMIZATION_LEVEL = "-Owholemodule";
				VALIDATE_PRODUCT = YES;
			};
			name = Release;
		};
		71296A7C200D358400F8C087 /* Debug */ = {
			isa = XCBuildConfiguration;
			buildSettings = {
				ASSETCATALOG_COMPILER_APPICON_NAME = AppIcon;
				CODE_SIGN_STYLE = Automatic;
				DEVELOPMENT_TEAM = HLCDLFXF5Y;
				INFOPLIST_FILE = BoardToDeath/Info.plist;
				LD_RUNPATH_SEARCH_PATHS = "$(inherited) @executable_path/Frameworks";
				PRODUCT_BUNDLE_IDENTIFIER = com.stultzapps.BoardToDeath;
				PRODUCT_NAME = "$(TARGET_NAME)";
				SWIFT_VERSION = 4.0;
				TARGETED_DEVICE_FAMILY = "1,2";
			};
			name = Debug;
		};
		71296A7D200D358400F8C087 /* Release */ = {
			isa = XCBuildConfiguration;
			buildSettings = {
				ASSETCATALOG_COMPILER_APPICON_NAME = AppIcon;
				CODE_SIGN_STYLE = Automatic;
				DEVELOPMENT_TEAM = HLCDLFXF5Y;
				INFOPLIST_FILE = BoardToDeath/Info.plist;
				LD_RUNPATH_SEARCH_PATHS = "$(inherited) @executable_path/Frameworks";
				PRODUCT_BUNDLE_IDENTIFIER = com.stultzapps.BoardToDeath;
				PRODUCT_NAME = "$(TARGET_NAME)";
				SWIFT_VERSION = 4.0;
				TARGETED_DEVICE_FAMILY = "1,2";
			};
			name = Release;
		};
		E34B4B1C262DE63C006CB0FF /* Debug */ = {
			isa = XCBuildConfiguration;
			buildSettings = {
				CLANG_ENABLE_OBJC_WEAK = YES;
				CLANG_WARN_DEPRECATED_OBJC_IMPLEMENTATIONS = YES;
				CLANG_WARN_OBJC_IMPLICIT_RETAIN_SELF = YES;
				CLANG_WARN_QUOTED_INCLUDE_IN_FRAMEWORK_HEADER = YES;
				CODE_SIGN_STYLE = Automatic;
				DEVELOPMENT_TEAM = MCP72WGYNQ;
				INFOPLIST_FILE = BoardToDeathUITests/Info.plist;
				IPHONEOS_DEPLOYMENT_TARGET = 14.4;
				LD_RUNPATH_SEARCH_PATHS = "$(inherited) @executable_path/Frameworks @loader_path/Frameworks";
				MTL_ENABLE_DEBUG_INFO = INCLUDE_SOURCE;
				MTL_FAST_MATH = YES;
				PRODUCT_BUNDLE_IDENTIFIER = ozgun1.BoardToDeathUITests;
				PRODUCT_NAME = "$(TARGET_NAME)";
				SWIFT_VERSION = 5.0;
				TARGETED_DEVICE_FAMILY = "1,2";
				TEST_TARGET_NAME = BoardToDeath;
			};
			name = Debug;
		};
		E34B4B1D262DE63C006CB0FF /* Release */ = {
			isa = XCBuildConfiguration;
			buildSettings = {
				CLANG_ENABLE_OBJC_WEAK = YES;
				CLANG_WARN_DEPRECATED_OBJC_IMPLEMENTATIONS = YES;
				CLANG_WARN_OBJC_IMPLICIT_RETAIN_SELF = YES;
				CLANG_WARN_QUOTED_INCLUDE_IN_FRAMEWORK_HEADER = YES;
				CODE_SIGN_STYLE = Automatic;
				DEVELOPMENT_TEAM = MCP72WGYNQ;
				INFOPLIST_FILE = BoardToDeathUITests/Info.plist;
				IPHONEOS_DEPLOYMENT_TARGET = 14.4;
				LD_RUNPATH_SEARCH_PATHS = "$(inherited) @executable_path/Frameworks @loader_path/Frameworks";
				MTL_FAST_MATH = YES;
				PRODUCT_BUNDLE_IDENTIFIER = ozgun1.BoardToDeathUITests;
				PRODUCT_NAME = "$(TARGET_NAME)";
				SWIFT_VERSION = 5.0;
				TARGETED_DEVICE_FAMILY = "1,2";
				TEST_TARGET_NAME = BoardToDeath;
			};
			name = Release;
		};
/* End XCBuildConfiguration section */

/* Begin XCConfigurationList section */
		71296A59200D358400F8C087 /* Build configuration list for PBXProject "BoardToDeath" */ = {
			isa = XCConfigurationList;
			buildConfigurations = (
				71296A79200D358400F8C087 /* Debug */,
				71296A7A200D358400F8C087 /* Release */,
			);
			defaultConfigurationIsVisible = 0;
			defaultConfigurationName = Release;
		};
		71296A7B200D358400F8C087 /* Build configuration list for PBXNativeTarget "BoardToDeath" */ = {
			isa = XCConfigurationList;
			buildConfigurations = (
				71296A7C200D358400F8C087 /* Debug */,
				71296A7D200D358400F8C087 /* Release */,
			);
			defaultConfigurationIsVisible = 0;
			defaultConfigurationName = Release;
		};
		E34B4B1E262DE63C006CB0FF /* Build configuration list for PBXNativeTarget "BoardToDeathUITests" */ = {
			isa = XCConfigurationList;
			buildConfigurations = (
				E34B4B1C262DE63C006CB0FF /* Debug */,
				E34B4B1D262DE63C006CB0FF /* Release */,
			);
			defaultConfigurationIsVisible = 0;
			defaultConfigurationName = Release;
		};
/* End XCConfigurationList section */
	};
	rootObject = 71296A56200D358400F8C087 /* Project object */;
}
